
Microsoft Visual Studio Solution File, Format Version 12.00
# Visual Studio 15
VisualStudioVersion = 15.0.26430.6
MinimumVisualStudioVersion = 10.0.40219.1
Project("{9A19103F-16F7-4668-BE54-9A1E7A4F7556}") = "SamuraiAppCore.Domain", "SamuraiAppCore.Domain\SamuraiAppCore.Domain.csproj", "{B9F15919-74E0-4F98-9EEE-C9D671F9544F}"
EndProject
Project("{2150E333-8FDC-42A3-9474-1A3956D46DE8}") = "src", "src", "{B0999463-1DF6-457C-8132-B616B6DE5F6C}"
EndProject
Global
	GlobalSection(SolutionConfigurationPlatforms) = preSolution
		Debug|Any CPU = Debug|Any CPU
		Release|Any CPU = Release|Any CPU
	EndGlobalSection
	GlobalSection(ProjectConfigurationPlatforms) = postSolution
		{B9F15919-74E0-4F98-9EEE-C9D671F9544F}.Debug|Any CPU.ActiveCfg = Debug|Any CPU
		{B9F15919-74E0-4F98-9EEE-C9D671F9544F}.Debug|Any CPU.Build.0 = Debug|Any CPU
		{B9F15919-74E0-4F98-9EEE-C9D671F9544F}.Release|Any CPU.ActiveCfg = Release|Any CPU
		{B9F15919-74E0-4F98-9EEE-C9D671F9544F}.Release|Any CPU.Build.0 = Release|Any CPU
	EndGlobalSection
	GlobalSection(SolutionProperties) = preSolution
		HideSolutionNode = FALSE
	EndGlobalSection
	GlobalSection(NestedProjects) = preSolution
		{B9F15919-74E0-4F98-9EEE-C9D671F9544F} = {B0999463-1DF6-457C-8132-B616B6DE5F6C}
	EndGlobalSection
EndGlobal
