
Microsoft Visual Studio Solution File, Format Version 12.00
# Visual Studio 15
VisualStudioVersion = 15.0.26430.6
MinimumVisualStudioVersion = 10.0.40219.1
Project("{FAE04EC0-301F-11D3-BF4B-00C04F79EFBC}") = "SamuraiApp.Domain", "SamuraiApp.Domain\SamuraiApp.Domain.csproj", "{AAB43951-D4A7-4C01-9815-EA4A39876044}"
EndProject
Project("{FAE04EC0-301F-11D3-BF4B-00C04F79EFBC}") = "SamuraiApp.Data", "SamuraiApp.Data\SamuraiApp.Data.csproj", "{870F2AE8-9444-4705-8CA2-3EF94623143B}"
EndProject
Global
	GlobalSection(SolutionConfigurationPlatforms) = preSolution
		Debug|Any CPU = Debug|Any CPU
		Release|Any CPU = Release|Any CPU
	EndGlobalSection
	GlobalSection(ProjectConfigurationPlatforms) = postSolution
		{AAB43951-D4A7-4C01-9815-EA4A39876044}.Debug|Any CPU.ActiveCfg = Debug|Any CPU
		{AAB43951-D4A7-4C01-9815-EA4A39876044}.Debug|Any CPU.Build.0 = Debug|Any CPU
		{AAB43951-D4A7-4C01-9815-EA4A39876044}.Release|Any CPU.ActiveCfg = Release|Any CPU
		{AAB43951-D4A7-4C01-9815-EA4A39876044}.Release|Any CPU.Build.0 = Release|Any CPU
		{870F2AE8-9444-4705-8CA2-3EF94623143B}.Debug|Any CPU.ActiveCfg = Debug|Any CPU
		{870F2AE8-9444-4705-8CA2-3EF94623143B}.Debug|Any CPU.Build.0 = Debug|Any CPU
		{870F2AE8-9444-4705-8CA2-3EF94623143B}.Release|Any CPU.ActiveCfg = Release|Any CPU
		{870F2AE8-9444-4705-8CA2-3EF94623143B}.Release|Any CPU.Build.0 = Release|Any CPU
	EndGlobalSection
	GlobalSection(SolutionProperties) = preSolution
		HideSolutionNode = FALSE
	EndGlobalSection
EndGlobal
